
Microsoft Visual Studio Solution File, Format Version 12.00
# Visual Studio 15
VisualStudioVersion = 15.0.27130.2027
MinimumVisualStudioVersion = 10.0.40219.1
Project("{2150E333-8FDC-42A3-9474-1A3956D46DE8}") = "external", "external", "{5BCF3B4E-5B58-476E-8232-CAC375B7FB52}"
EndProject
Project("{2150E333-8FDC-42A3-9474-1A3956D46DE8}") = "buildingblocks", "buildingblocks", "{DD8DC40E-D2BB-4337-9E8E-3D0523110DDB}"
EndProject
Project("{9A19103F-16F7-4668-BE54-9A1E7A4F7556}") = "BuildingBlocks.Core", "..\external\BuildingBlocks\src\BuildingBlocks.Core\BuildingBlocks.Core.csproj", "{549B3445-F8FA-484C-A4D0-C4317A61E3BE}"
EndProject
Project("{9A19103F-16F7-4668-BE54-9A1E7A4F7556}") = "BuindingBlocks.Resilience", "..\external\BuildingBlocks\src\BuindingBlocks.Resilience\BuindingBlocks.Resilience.csproj", "{44AFB97C-9823-4785-8D65-65AA285E2CA4}"
EndProject
Project("{9A19103F-16F7-4668-BE54-9A1E7A4F7556}") = "BuildingBlocks.Idempotency", "..\external\BuildingBlocks\src\BuildingBlocks.Idempotency\BuildingBlocks.Idempotency.csproj", "{054E6D11-3230-4CB5-8036-091D9428762D}"
EndProject
Project("{9A19103F-16F7-4668-BE54-9A1E7A4F7556}") = "BuildingBlocks.Mvc", "..\external\BuildingBlocks\src\BuildingBlocks.Mvc\BuildingBlocks.Mvc.csproj", "{0425BC66-E635-4A63-810A-2B7A4D406919}"
EndProject
Project("{9A19103F-16F7-4668-BE54-9A1E7A4F7556}") = "BuildingBlocks.AspnetCoreIdentity.RavenDB", "..\external\BuildingBlocks\src\BuildingBlocks.AspnetCoreIdentity.RavenDB\BuildingBlocks.AspnetCoreIdentity.RavenDB.csproj", "{E6290959-94F2-476C-B9C9-74B0B0197C9E}"
EndProject
Project("{9A19103F-16F7-4668-BE54-9A1E7A4F7556}") = "BuildingBlocks.Autofac", "..\external\BuildingBlocks\src\BuildingBlocks.Autofac\BuildingBlocks.Autofac.csproj", "{64655447-4819-44A3-91DD-DEF2B8ABDC13}"
EndProject
Project("{9A19103F-16F7-4668-BE54-9A1E7A4F7556}") = "BuildingBlocks.IdentityServer4.RavenDB", "..\external\BuildingBlocks\src\BuildingBlocks.IdentityServer4.RavenDB\BuildingBlocks.IdentityServer4.RavenDB.csproj", "{75E91BDA-19EA-41D5-9F3F-533F64F52CF5}"
EndProject
Project("{9A19103F-16F7-4668-BE54-9A1E7A4F7556}") = "BuildingBlocks.Mediatr", "..\external\BuildingBlocks\src\BuildingBlocks.Mediatr\BuildingBlocks.Mediatr.csproj", "{25165D0E-6A3B-4AA2-9C6D-AAABD376DB47}"
EndProject
Project("{9A19103F-16F7-4668-BE54-9A1E7A4F7556}") = "BuildingBlocks.Swagger", "..\external\BuildingBlocks\src\BuildingBlocks.Swagger\BuildingBlocks.Swagger.csproj", "{28263093-95BD-4758-98AA-8260CF58CC05}"
EndProject
Project("{2150E333-8FDC-42A3-9474-1A3956D46DE8}") = "healthchecks", "healthchecks", "{E078FA99-4D60-4BF6-9287-4544A69D31EA}"
EndProject
Project("{9A19103F-16F7-4668-BE54-9A1E7A4F7556}") = "Microsoft.AspNetCore.HealthChecks", "..\external\HealthChecks\src\Microsoft.AspNetCore.HealthChecks\Microsoft.AspNetCore.HealthChecks.csproj", "{C8161476-B6A1-4128-BDB5-4CA5AAA5D090}"
EndProject
Project("{9A19103F-16F7-4668-BE54-9A1E7A4F7556}") = "Microsoft.Extensions.HealthChecks", "..\external\HealthChecks\src\Microsoft.Extensions.HealthChecks\Microsoft.Extensions.HealthChecks.csproj", "{E4C27357-993E-4867-A5AD-F9B2361B89A9}"
EndProject
Project("{2150E333-8FDC-42A3-9474-1A3956D46DE8}") = "src", "src", "{298C6993-CA70-455B-A3CD-C4F07E23A360}"
EndProject
Project("{2150E333-8FDC-42A3-9474-1A3956D46DE8}") = "identity", "identity", "{0F252780-FD54-483C-B665-8890EBDB660B}"
EndProject
Project("{9A19103F-16F7-4668-BE54-9A1E7A4F7556}") = "Identity.Application", "Identity\Identity.Application\Identity.Application.csproj", "{1242E977-56A1-4D72-BEB1-AE75FFF159A7}"
EndProject
Project("{9A19103F-16F7-4668-BE54-9A1E7A4F7556}") = "Identity.Web", "Identity\Identity.Web\Identity.Web.csproj", "{365D5513-0E5F-4A67-8047-90933CBE2633}"
EndProject
Project("{2150E333-8FDC-42A3-9474-1A3956D46DE8}") = "echo", "echo", "{5191A4F7-63C3-443B-A304-640BF6948CAD}"
EndProject
Project("{2150E333-8FDC-42A3-9474-1A3956D46DE8}") = "microservice", "microservice", "{6247C37C-949C-4F1E-A0C6-57BBD8474E74}"
EndProject
Project("{FAE04EC0-301F-11D3-BF4B-00C04F79EFBC}") = "Echo.WebApi", "Echo\Echo.WebApi\Echo.WebApi.csproj", "{822E975F-EFB5-48DB-AA6E-5517DA18262C}"
EndProject
Project("{FAE04EC0-301F-11D3-BF4B-00C04F79EFBC}") = "Echo.Application", "Echo\Echo.Application\Echo.Application.csproj", "{9FB49E88-364F-4539-892F-F359ADD1EB28}"
EndProject
Project("{2150E333-8FDC-42A3-9474-1A3956D46DE8}") = "mvcclient", "mvcclient", "{BF9D76BC-66B3-47C5-AAE6-51A3208CF42D}"
EndProject
Project("{FAE04EC0-301F-11D3-BF4B-00C04F79EFBC}") = "Echo.Web", "Echo\Echo.Web\Echo.Web.csproj", "{34E43B6C-2C77-4002-A8CD-D73F59CC8AA0}"
EndProject
Project("{E53339B2-1760-4266-BCC7-CA923CBCF16C}") = "docker-compose", "docker-compose.dcproj", "{B0818CAD-8136-41A4-8BF0-D9959A6CEC97}"
EndProject
Global
	GlobalSection(SolutionConfigurationPlatforms) = preSolution
		Debug|Any CPU = Debug|Any CPU
		Release|Any CPU = Release|Any CPU
	EndGlobalSection
	GlobalSection(ProjectConfigurationPlatforms) = postSolution
		{549B3445-F8FA-484C-A4D0-C4317A61E3BE}.Debug|Any CPU.ActiveCfg = Debug|Any CPU
		{549B3445-F8FA-484C-A4D0-C4317A61E3BE}.Debug|Any CPU.Build.0 = Debug|Any CPU
		{549B3445-F8FA-484C-A4D0-C4317A61E3BE}.Release|Any CPU.ActiveCfg = Release|Any CPU
		{549B3445-F8FA-484C-A4D0-C4317A61E3BE}.Release|Any CPU.Build.0 = Release|Any CPU
		{44AFB97C-9823-4785-8D65-65AA285E2CA4}.Debug|Any CPU.ActiveCfg = Debug|Any CPU
		{44AFB97C-9823-4785-8D65-65AA285E2CA4}.Debug|Any CPU.Build.0 = Debug|Any CPU
		{44AFB97C-9823-4785-8D65-65AA285E2CA4}.Release|Any CPU.ActiveCfg = Release|Any CPU
		{44AFB97C-9823-4785-8D65-65AA285E2CA4}.Release|Any CPU.Build.0 = Release|Any CPU
		{054E6D11-3230-4CB5-8036-091D9428762D}.Debug|Any CPU.ActiveCfg = Debug|Any CPU
		{054E6D11-3230-4CB5-8036-091D9428762D}.Debug|Any CPU.Build.0 = Debug|Any CPU
		{054E6D11-3230-4CB5-8036-091D9428762D}.Release|Any CPU.ActiveCfg = Release|Any CPU
		{054E6D11-3230-4CB5-8036-091D9428762D}.Release|Any CPU.Build.0 = Release|Any CPU
		{0425BC66-E635-4A63-810A-2B7A4D406919}.Debug|Any CPU.ActiveCfg = Debug|Any CPU
		{0425BC66-E635-4A63-810A-2B7A4D406919}.Debug|Any CPU.Build.0 = Debug|Any CPU
		{0425BC66-E635-4A63-810A-2B7A4D406919}.Release|Any CPU.ActiveCfg = Release|Any CPU
		{0425BC66-E635-4A63-810A-2B7A4D406919}.Release|Any CPU.Build.0 = Release|Any CPU
		{E6290959-94F2-476C-B9C9-74B0B0197C9E}.Debug|Any CPU.ActiveCfg = Debug|Any CPU
		{E6290959-94F2-476C-B9C9-74B0B0197C9E}.Debug|Any CPU.Build.0 = Debug|Any CPU
		{E6290959-94F2-476C-B9C9-74B0B0197C9E}.Release|Any CPU.ActiveCfg = Release|Any CPU
		{E6290959-94F2-476C-B9C9-74B0B0197C9E}.Release|Any CPU.Build.0 = Release|Any CPU
		{64655447-4819-44A3-91DD-DEF2B8ABDC13}.Debug|Any CPU.ActiveCfg = Debug|Any CPU
		{64655447-4819-44A3-91DD-DEF2B8ABDC13}.Debug|Any CPU.Build.0 = Debug|Any CPU
		{64655447-4819-44A3-91DD-DEF2B8ABDC13}.Release|Any CPU.ActiveCfg = Release|Any CPU
		{64655447-4819-44A3-91DD-DEF2B8ABDC13}.Release|Any CPU.Build.0 = Release|Any CPU
		{75E91BDA-19EA-41D5-9F3F-533F64F52CF5}.Debug|Any CPU.ActiveCfg = Debug|Any CPU
		{75E91BDA-19EA-41D5-9F3F-533F64F52CF5}.Debug|Any CPU.Build.0 = Debug|Any CPU
		{75E91BDA-19EA-41D5-9F3F-533F64F52CF5}.Release|Any CPU.ActiveCfg = Release|Any CPU
		{75E91BDA-19EA-41D5-9F3F-533F64F52CF5}.Release|Any CPU.Build.0 = Release|Any CPU
		{25165D0E-6A3B-4AA2-9C6D-AAABD376DB47}.Debug|Any CPU.ActiveCfg = Debug|Any CPU
		{25165D0E-6A3B-4AA2-9C6D-AAABD376DB47}.Debug|Any CPU.Build.0 = Debug|Any CPU
		{25165D0E-6A3B-4AA2-9C6D-AAABD376DB47}.Release|Any CPU.ActiveCfg = Release|Any CPU
		{25165D0E-6A3B-4AA2-9C6D-AAABD376DB47}.Release|Any CPU.Build.0 = Release|Any CPU
		{28263093-95BD-4758-98AA-8260CF58CC05}.Debug|Any CPU.ActiveCfg = Debug|Any CPU
		{28263093-95BD-4758-98AA-8260CF58CC05}.Debug|Any CPU.Build.0 = Debug|Any CPU
		{28263093-95BD-4758-98AA-8260CF58CC05}.Release|Any CPU.ActiveCfg = Release|Any CPU
		{28263093-95BD-4758-98AA-8260CF58CC05}.Release|Any CPU.Build.0 = Release|Any CPU
		{C8161476-B6A1-4128-BDB5-4CA5AAA5D090}.Debug|Any CPU.ActiveCfg = Debug|Any CPU
		{C8161476-B6A1-4128-BDB5-4CA5AAA5D090}.Debug|Any CPU.Build.0 = Debug|Any CPU
		{C8161476-B6A1-4128-BDB5-4CA5AAA5D090}.Release|Any CPU.ActiveCfg = Release|Any CPU
		{C8161476-B6A1-4128-BDB5-4CA5AAA5D090}.Release|Any CPU.Build.0 = Release|Any CPU
		{E4C27357-993E-4867-A5AD-F9B2361B89A9}.Debug|Any CPU.ActiveCfg = Debug|Any CPU
		{E4C27357-993E-4867-A5AD-F9B2361B89A9}.Debug|Any CPU.Build.0 = Debug|Any CPU
		{E4C27357-993E-4867-A5AD-F9B2361B89A9}.Release|Any CPU.ActiveCfg = Release|Any CPU
		{E4C27357-993E-4867-A5AD-F9B2361B89A9}.Release|Any CPU.Build.0 = Release|Any CPU
		{1242E977-56A1-4D72-BEB1-AE75FFF159A7}.Debug|Any CPU.ActiveCfg = Debug|Any CPU
		{1242E977-56A1-4D72-BEB1-AE75FFF159A7}.Debug|Any CPU.Build.0 = Debug|Any CPU
		{1242E977-56A1-4D72-BEB1-AE75FFF159A7}.Release|Any CPU.ActiveCfg = Release|Any CPU
		{1242E977-56A1-4D72-BEB1-AE75FFF159A7}.Release|Any CPU.Build.0 = Release|Any CPU
		{365D5513-0E5F-4A67-8047-90933CBE2633}.Debug|Any CPU.ActiveCfg = Debug|Any CPU
		{365D5513-0E5F-4A67-8047-90933CBE2633}.Debug|Any CPU.Build.0 = Debug|Any CPU
		{365D5513-0E5F-4A67-8047-90933CBE2633}.Release|Any CPU.ActiveCfg = Release|Any CPU
		{365D5513-0E5F-4A67-8047-90933CBE2633}.Release|Any CPU.Build.0 = Release|Any CPU
		{822E975F-EFB5-48DB-AA6E-5517DA18262C}.Debug|Any CPU.ActiveCfg = Debug|Any CPU
		{822E975F-EFB5-48DB-AA6E-5517DA18262C}.Debug|Any CPU.Build.0 = Debug|Any CPU
		{822E975F-EFB5-48DB-AA6E-5517DA18262C}.Release|Any CPU.ActiveCfg = Release|Any CPU
		{822E975F-EFB5-48DB-AA6E-5517DA18262C}.Release|Any CPU.Build.0 = Release|Any CPU
		{9FB49E88-364F-4539-892F-F359ADD1EB28}.Debug|Any CPU.ActiveCfg = Debug|Any CPU
		{9FB49E88-364F-4539-892F-F359ADD1EB28}.Debug|Any CPU.Build.0 = Debug|Any CPU
		{9FB49E88-364F-4539-892F-F359ADD1EB28}.Release|Any CPU.ActiveCfg = Release|Any CPU
		{9FB49E88-364F-4539-892F-F359ADD1EB28}.Release|Any CPU.Build.0 = Release|Any CPU
		{34E43B6C-2C77-4002-A8CD-D73F59CC8AA0}.Debug|Any CPU.ActiveCfg = Debug|Any CPU
		{34E43B6C-2C77-4002-A8CD-D73F59CC8AA0}.Debug|Any CPU.Build.0 = Debug|Any CPU
		{34E43B6C-2C77-4002-A8CD-D73F59CC8AA0}.Release|Any CPU.ActiveCfg = Release|Any CPU
		{34E43B6C-2C77-4002-A8CD-D73F59CC8AA0}.Release|Any CPU.Build.0 = Release|Any CPU
		{B0818CAD-8136-41A4-8BF0-D9959A6CEC97}.Debug|Any CPU.ActiveCfg = Debug|Any CPU
		{B0818CAD-8136-41A4-8BF0-D9959A6CEC97}.Debug|Any CPU.Build.0 = Debug|Any CPU
		{B0818CAD-8136-41A4-8BF0-D9959A6CEC97}.Release|Any CPU.ActiveCfg = Release|Any CPU
		{B0818CAD-8136-41A4-8BF0-D9959A6CEC97}.Release|Any CPU.Build.0 = Release|Any CPU
	EndGlobalSection
	GlobalSection(SolutionProperties) = preSolution
		HideSolutionNode = FALSE
	EndGlobalSection
	GlobalSection(NestedProjects) = preSolution
		{DD8DC40E-D2BB-4337-9E8E-3D0523110DDB} = {5BCF3B4E-5B58-476E-8232-CAC375B7FB52}
		{549B3445-F8FA-484C-A4D0-C4317A61E3BE} = {DD8DC40E-D2BB-4337-9E8E-3D0523110DDB}
		{44AFB97C-9823-4785-8D65-65AA285E2CA4} = {DD8DC40E-D2BB-4337-9E8E-3D0523110DDB}
		{054E6D11-3230-4CB5-8036-091D9428762D} = {DD8DC40E-D2BB-4337-9E8E-3D0523110DDB}
		{0425BC66-E635-4A63-810A-2B7A4D406919} = {DD8DC40E-D2BB-4337-9E8E-3D0523110DDB}
		{E6290959-94F2-476C-B9C9-74B0B0197C9E} = {DD8DC40E-D2BB-4337-9E8E-3D0523110DDB}
		{64655447-4819-44A3-91DD-DEF2B8ABDC13} = {DD8DC40E-D2BB-4337-9E8E-3D0523110DDB}
		{75E91BDA-19EA-41D5-9F3F-533F64F52CF5} = {DD8DC40E-D2BB-4337-9E8E-3D0523110DDB}
		{25165D0E-6A3B-4AA2-9C6D-AAABD376DB47} = {DD8DC40E-D2BB-4337-9E8E-3D0523110DDB}
		{28263093-95BD-4758-98AA-8260CF58CC05} = {DD8DC40E-D2BB-4337-9E8E-3D0523110DDB}
		{E078FA99-4D60-4BF6-9287-4544A69D31EA} = {5BCF3B4E-5B58-476E-8232-CAC375B7FB52}
		{C8161476-B6A1-4128-BDB5-4CA5AAA5D090} = {E078FA99-4D60-4BF6-9287-4544A69D31EA}
		{E4C27357-993E-4867-A5AD-F9B2361B89A9} = {E078FA99-4D60-4BF6-9287-4544A69D31EA}
		{0F252780-FD54-483C-B665-8890EBDB660B} = {298C6993-CA70-455B-A3CD-C4F07E23A360}
		{1242E977-56A1-4D72-BEB1-AE75FFF159A7} = {0F252780-FD54-483C-B665-8890EBDB660B}
		{365D5513-0E5F-4A67-8047-90933CBE2633} = {0F252780-FD54-483C-B665-8890EBDB660B}
		{5191A4F7-63C3-443B-A304-640BF6948CAD} = {298C6993-CA70-455B-A3CD-C4F07E23A360}
		{6247C37C-949C-4F1E-A0C6-57BBD8474E74} = {5191A4F7-63C3-443B-A304-640BF6948CAD}
		{822E975F-EFB5-48DB-AA6E-5517DA18262C} = {6247C37C-949C-4F1E-A0C6-57BBD8474E74}
		{9FB49E88-364F-4539-892F-F359ADD1EB28} = {6247C37C-949C-4F1E-A0C6-57BBD8474E74}
		{BF9D76BC-66B3-47C5-AAE6-51A3208CF42D} = {5191A4F7-63C3-443B-A304-640BF6948CAD}
		{34E43B6C-2C77-4002-A8CD-D73F59CC8AA0} = {BF9D76BC-66B3-47C5-AAE6-51A3208CF42D}
	EndGlobalSection
	GlobalSection(ExtensibilityGlobals) = postSolution
		SolutionGuid = {C8EAC90C-4C0A-4B54-8BC4-D89FCFE8F2A3}
	EndGlobalSection
EndGlobal
